
Microsoft Visual Studio Solution File, Format Version 12.00
# Visual Studio Version 17
VisualStudioVersion = 17.10.34928.147
MinimumVisualStudioVersion = 10.0.40219.1
Project("{FAE04EC0-301F-11D3-BF4B-00C04F79EFBC}") = "SkillsShareConnect", "SkillsShareConnect\SkillsShareConnect.csproj", "{8D8A02BE-D1B6-4DBB-9FA3-F41DDD9ED99F}"
EndProject
Global
	GlobalSection(SolutionConfigurationPlatforms) = preSolution
		Debug|Any CPU = Debug|Any CPU
		Release|Any CPU = Release|Any CPU
	EndGlobalSection
	GlobalSection(ProjectConfigurationPlatforms) = postSolution
		{8D8A02BE-D1B6-4DBB-9FA3-F41DDD9ED99F}.Debug|Any CPU.ActiveCfg = Debug|Any CPU
		{8D8A02BE-D1B6-4DBB-9FA3-F41DDD9ED99F}.Debug|Any CPU.Build.0 = Debug|Any CPU
		{8D8A02BE-D1B6-4DBB-9FA3-F41DDD9ED99F}.Release|Any CPU.ActiveCfg = Release|Any CPU
		{8D8A02BE-D1B6-4DBB-9FA3-F41DDD9ED99F}.Release|Any CPU.Build.0 = Release|Any CPU
	EndGlobalSection
	GlobalSection(SolutionProperties) = preSolution
		HideSolutionNode = FALSE
	EndGlobalSection
	GlobalSection(ExtensibilityGlobals) = postSolution
		SolutionGuid = {B0980276-99EA-443D-88FB-41A5513966C6}
	EndGlobalSection
EndGlobal
